
Microsoft Visual Studio Solution File, Format Version 12.00
# Visual Studio Version 17
VisualStudioVersion = 17.5.33414.496
MinimumVisualStudioVersion = 10.0.40219.1
Project("{9A19103F-16F7-4668-BE54-9A1E7A4F7556}") = "AM.UI.Console", "AM.UI.Console\AM.UI.Console.csproj", "{E0890084-BA74-45D2-BA5B-3A2C14FCC9C4}"
EndProject
Project("{9A19103F-16F7-4668-BE54-9A1E7A4F7556}") = "AM.ApplicationCore", "AM.ApplicationCore\AM.ApplicationCore.csproj", "{30EE173A-AA9D-4102-AF63-E7B742A1FCDD}"
EndProject
Project("{FAE04EC0-301F-11D3-BF4B-00C04F79EFBC}") = "AM.Infrastructure", "AMContext\AM.Infrastructure.csproj", "{0112162B-6D22-4E8E-ABBD-1B2966330D7F}"
EndProject
Global
	GlobalSection(SolutionConfigurationPlatforms) = preSolution
		Debug|Any CPU = Debug|Any CPU
		Release|Any CPU = Release|Any CPU
	EndGlobalSection
	GlobalSection(ProjectConfigurationPlatforms) = postSolution
		{E0890084-BA74-45D2-BA5B-3A2C14FCC9C4}.Debug|Any CPU.ActiveCfg = Debug|Any CPU
		{E0890084-BA74-45D2-BA5B-3A2C14FCC9C4}.Debug|Any CPU.Build.0 = Debug|Any CPU
		{E0890084-BA74-45D2-BA5B-3A2C14FCC9C4}.Release|Any CPU.ActiveCfg = Release|Any CPU
		{E0890084-BA74-45D2-BA5B-3A2C14FCC9C4}.Release|Any CPU.Build.0 = Release|Any CPU
		{30EE173A-AA9D-4102-AF63-E7B742A1FCDD}.Debug|Any CPU.ActiveCfg = Debug|Any CPU
		{30EE173A-AA9D-4102-AF63-E7B742A1FCDD}.Debug|Any CPU.Build.0 = Debug|Any CPU
		{30EE173A-AA9D-4102-AF63-E7B742A1FCDD}.Release|Any CPU.ActiveCfg = Release|Any CPU
		{30EE173A-AA9D-4102-AF63-E7B742A1FCDD}.Release|Any CPU.Build.0 = Release|Any CPU
		{0112162B-6D22-4E8E-ABBD-1B2966330D7F}.Debug|Any CPU.ActiveCfg = Debug|Any CPU
		{0112162B-6D22-4E8E-ABBD-1B2966330D7F}.Debug|Any CPU.Build.0 = Debug|Any CPU
		{0112162B-6D22-4E8E-ABBD-1B2966330D7F}.Release|Any CPU.ActiveCfg = Release|Any CPU
		{0112162B-6D22-4E8E-ABBD-1B2966330D7F}.Release|Any CPU.Build.0 = Release|Any CPU
	EndGlobalSection
	GlobalSection(SolutionProperties) = preSolution
		HideSolutionNode = FALSE
	EndGlobalSection
	GlobalSection(ExtensibilityGlobals) = postSolution
		SolutionGuid = {A60B6727-4EB7-4C22-B473-E5D2FB7C2752}
	EndGlobalSection
EndGlobal
